github.com/davecgh/go-spew v1.1.1/go.mod h1:J7Y8YcW2NihsgmVo/mv3lAwl/skON4iLHjSsI+c5H38=
github.com/hashicorp/hcl v1.0.0 h1:0Anlzjpi4vEasTeNFn2mLJgTSwt0+6sfsiTG8qcWGx4=
github.com/hashicorp/hcl v1.0.0/go.mod h1:E5yfLk+7swimpb2L/Alb/PJmXilQ/rhwaUYs4T20WEQ=
github.com/paked/configure v0.0.0-20170626170506-5203c690d95a h1:3KNSXKTBmeMotzRDAqnd4vCrBI06mZ3PHu9KFYYaItE=
github.com/paked/configure v0.0.0-20170626170506-5203c690d95a/go.mod h1:y9MA8YrqgIDBMhU+Dgzu5okImVGccMdjHnWv6md5rfs=
github.com/rjansen/yggdrasil v0.0.0-20181226014205-0c99f3c4ed7c h1:ZQKH4b61LDAAo7VwYcl+k04jLLb5+6Sy8xVy6p7szwE=
github.com/rjansen/yggdrasil v0.0.0-20181226014205-0c99f3c4ed7c/go.mod h1:yntPro4xwM2GbG/29nbbLe7lK+jnX892RvS/MuM00I0=
